
Microsoft Visual Studio Solution File, Format Version 12.00
# Visual Studio Version 17
VisualStudioVersion = 17.4.33205.214
MinimumVisualStudioVersion = 10.0.40219.1
Project("{FAE04EC0-301F-11D3-BF4B-00C04F79EFBC}") = "MyBudgetingApp.Server", "MyBudgetingApp.Server.csproj", "{1FD79459-2F5A-4CB6-8CA7-85106EE57476}"
EndProject
Project("{9A19103F-16F7-4668-BE54-9A1E7A4F7556}") = "MyBudgetingApp.Shared", "..\MyBudgetingApp.Shared\MyBudgetingApp.Shared.csproj", "{15C861DA-1C90-4ACE-82F9-C24E13DC3A1C}"
EndProject
Project("{9A19103F-16F7-4668-BE54-9A1E7A4F7556}") = "MyBudgetingApp.Client", "..\MyBudgetingApp.Client\MyBudgetingApp.Client.csproj", "{8DF239FF-AB30-4A84-A83B-DF7DC8D6F8DF}"
EndProject
Global
	GlobalSection(SolutionConfigurationPlatforms) = preSolution
		Debug|Any CPU = Debug|Any CPU
		Release|Any CPU = Release|Any CPU
	EndGlobalSection
	GlobalSection(ProjectConfigurationPlatforms) = postSolution
		{1FD79459-2F5A-4CB6-8CA7-85106EE57476}.Debug|Any CPU.ActiveCfg = Debug|Any CPU
		{1FD79459-2F5A-4CB6-8CA7-85106EE57476}.Debug|Any CPU.Build.0 = Debug|Any CPU
		{1FD79459-2F5A-4CB6-8CA7-85106EE57476}.Release|Any CPU.ActiveCfg = Release|Any CPU
		{1FD79459-2F5A-4CB6-8CA7-85106EE57476}.Release|Any CPU.Build.0 = Release|Any CPU
		{15C861DA-1C90-4ACE-82F9-C24E13DC3A1C}.Debug|Any CPU.ActiveCfg = Debug|Any CPU
		{15C861DA-1C90-4ACE-82F9-C24E13DC3A1C}.Debug|Any CPU.Build.0 = Debug|Any CPU
		{15C861DA-1C90-4ACE-82F9-C24E13DC3A1C}.Release|Any CPU.ActiveCfg = Release|Any CPU
		{15C861DA-1C90-4ACE-82F9-C24E13DC3A1C}.Release|Any CPU.Build.0 = Release|Any CPU
		{8DF239FF-AB30-4A84-A83B-DF7DC8D6F8DF}.Debug|Any CPU.ActiveCfg = Debug|Any CPU
		{8DF239FF-AB30-4A84-A83B-DF7DC8D6F8DF}.Debug|Any CPU.Build.0 = Debug|Any CPU
		{8DF239FF-AB30-4A84-A83B-DF7DC8D6F8DF}.Debug|Any CPU.Deploy.0 = Debug|Any CPU
		{8DF239FF-AB30-4A84-A83B-DF7DC8D6F8DF}.Release|Any CPU.ActiveCfg = Release|Any CPU
		{8DF239FF-AB30-4A84-A83B-DF7DC8D6F8DF}.Release|Any CPU.Build.0 = Release|Any CPU
		{8DF239FF-AB30-4A84-A83B-DF7DC8D6F8DF}.Release|Any CPU.Deploy.0 = Release|Any CPU
	EndGlobalSection
	GlobalSection(SolutionProperties) = preSolution
		HideSolutionNode = FALSE
	EndGlobalSection
	GlobalSection(ExtensibilityGlobals) = postSolution
		SolutionGuid = {54E66F67-86B3-4D54-92D0-BE82A05F9FA7}
	EndGlobalSection
EndGlobal
